PODS:
  - FBAEMKit (16.0.1):
    - FBSDKCoreKit_Basics (= 16.0.1)
  - FBSDKCoreKit (16.0.1):
    - FBAEMKit (= 16.0.1)
    - FBSDKCoreKit_Basics (= 16.0.1)
  - FBSDKCoreKit_Basics (16.0.1)
  - FBSDKLoginKit (16.0.1):
    - FBSDKCoreKit (= 16.0.1)
  - Flutter (1.0.0)
  - flutter_facebook_auth (5.0.9):
    - FBSDKLoginKit (~> 16.0.1)
    - Flutter
  - flutter_secure_storage (6.0.0):
    - Flutter
  - sqflite_darwin (0.0.4):
    - Flutter
    - FlutterMacOS

DEPENDENCIES:
  - Flutter (from `Flutter`)
  - flutter_facebook_auth (from `.symlinks/plugins/flutter_facebook_auth/ios`)
  - flutter_secure_storage (from `.symlinks/plugins/flutter_secure_storage/ios`)
  - sqflite_darwin (from `.symlinks/plugins/sqflite_darwin/darwin`)

SPEC REPOS:
  trunk:
    - FBAEMKit
    - FBSDKCoreKit
    - FBSDKCoreKit_Basics
    - FBSDKLoginKit

EXTERNAL SOURCES:
  Flutter:
    :path: Flutter
  flutter_facebook_auth:
    :path: ".symlinks/plugins/flutter_facebook_auth/ios"
  flutter_secure_storage:
    :path: ".symlinks/plugins/flutter_secure_storage/ios"
  sqflite_darwin:
    :path: ".symlinks/plugins/sqflite_darwin/darwin"

SPEC CHECKSUMS:
  FBAEMKit: daac7466b918752f020345be5c7d9787f98cfc07
  FBSDKCoreKit: 2cb033464b2134af0138f87d20b859eb3f9be359
  FBSDKCoreKit_Basics: d37280da2e65872f0e931d15f45d97ea324fec37
  FBSDKLoginKit: c47a3b90920702487b10b647c63520dc2676dad9
  Flutter: e0871f40cf51350855a761d2e70bf5af5b9b5de7
  flutter_facebook_auth: 42016bec1574eabf69bc2fe4311e8cd55813d352
  flutter_secure_storage: 23fc622d89d073675f2eaa109381aefbcf5a49be
  sqflite_darwin: 5a7236e3b501866c1c9befc6771dfd73ffb8702d

PODFILE CHECKSUM: 819463e6a0290f5a72f145ba7cde16e8b6ef0796

COCOAPODS: 1.16.2
